<?xml version="1.0" encoding="utf-8"?>
<Project ToolsVersion="4.0" xmlns="http://schemas.microsoft.com/developer/msbuild/2003">
  <ItemGroup>
    <Filter Include="소스 파일">
      <UniqueIdentifier>{4FC737F1-C7A5-4376-A066-2A32D752A2FF}</UniqueIdentifier>
      <Extensions>cpp;c;cc;cxx;def;odl;idl;hpj;bat;asm;asmx</Extensions>
    </Filter>
    <Filter Include="헤더 파일">
      <UniqueIdentifier>{93995380-89BD-4b04-88EB-625FBE52EBFB}</UniqueIdentifier>
      <Extensions>h;hh;hpp;hxx;hm;inl;inc;xsd</Extensions>
    </Filter>
    <Filter Include="리소스 파일">
      <UniqueIdentifier>{67DA6AB6-F800-4c08-8B7A-83BB121AAD01}</UniqueIdentifier>
      <Extensions>rc;ico;cur;bmp;dlg;rc2;rct;bin;rgs;gif;jpg;jpeg;jpe;resx;tiff;tif;png;wav;mfcribbon-ms</Extensions>
    </Filter>
    <Filter Include="CGameFramework">
      <UniqueIdentifier>{688568fc-f07e-482a-9c3b-fca04dc7aab8}</UniqueIdentifier>
    </Filter>
    <Filter Include="CSound">
      <UniqueIdentifier>{5817e0e9-2ce0-4572-9793-b9e704694890}</UniqueIdentifier>
    </Filter>
    <Filter Include="CGameObject">
      <UniqueIdentifier>{bab891ea-b328-4506-9d90-71d78504639e}</UniqueIdentifier>
    </Filter>
    <Filter Include="rtc">
      <UniqueIdentifier>{d7014a31-f62d-4cce-a819-5ded713068a3}</UniqueIdentifier>
    </Filter>
  </ItemGroup>
  <ItemGroup>
    <ClInclude Include="header.h">
      <Filter>헤더 파일</Filter>
    </ClInclude>
    <ClInclude Include="targetver.h">
      <Filter>헤더 파일</Filter>
    </ClInclude>
    <ClInclude Include="resource.h">
      <Filter>헤더 파일</Filter>
    </ClInclude>
    <ClInclude Include="HW2.h">
      <Filter>헤더 파일</Filter>
    </ClInclude>
    <ClInclude Include="GameFrameWork.h">
      <Filter>CGameFramework</Filter>
    </ClInclude>
    <ClInclude Include="Sound.h">
      <Filter>CSound</Filter>
    </ClInclude>
    <ClInclude Include="BitmapObject.h">
      <Filter>CGameObject</Filter>
    </ClInclude>
    <ClInclude Include="GameObject.h">
      <Filter>CGameObject</Filter>
    </ClInclude>
    <ClInclude Include="resource1.h">
      <Filter>헤더 파일</Filter>
    </ClInclude>
    <ClInclude Include="operator.h">
      <Filter>rtc</Filter>
    </ClInclude>
    <ClInclude Include="Point.h">
      <Filter>rtc</Filter>
    </ClInclude>
  </ItemGroup>
  <ItemGroup>
    <ClCompile Include="HW2.cpp">
      <Filter>소스 파일</Filter>
    </ClCompile>
    <ClCompile Include="GameFrameWork.cpp">
      <Filter>CGameFramework</Filter>
    </ClCompile>
    <ClCompile Include="Sound.cpp">
      <Filter>CSound</Filter>
    </ClCompile>
    <ClCompile Include="BitmapObject.cpp">
      <Filter>CGameObject</Filter>
    </ClCompile>
    <ClCompile Include="GameObject.cpp">
      <Filter>CGameObject</Filter>
    </ClCompile>
    <ClCompile Include="operator.cpp">
      <Filter>rtc</Filter>
    </ClCompile>
    <ClCompile Include="Point.cpp">
      <Filter>rtc</Filter>
    </ClCompile>
  </ItemGroup>
  <ItemGroup>
    <ResourceCompile Include="HW2.rc">
      <Filter>리소스 파일</Filter>
    </ResourceCompile>
    <ResourceCompile Include="Resource.rc">
      <Filter>리소스 파일</Filter>
    </ResourceCompile>
  </ItemGroup>
  <ItemGroup>
    <Image Include="small.ico">
      <Filter>리소스 파일</Filter>
    </Image>
    <Image Include="HW2.ico">
      <Filter>리소스 파일</Filter>
    </Image>
  </ItemGroup>
</Project>